
Microsoft Visual Studio Solution File, Format Version 12.00
# Visual Studio 15
Project("{FAE04EC0-301F-11D3-BF4B-00C04F79EFBC}") = "FinalApp.Android", "FinalApp.Android\FinalApp.Android.csproj", "{82C1C041-4D3A-46F2-9190-99CBA31269A7}"
EndProject
Project("{FAE04EC0-301F-11D3-BF4B-00C04F79EFBC}") = "FinalApp.iOS", "FinalApp.iOS\FinalApp.iOS.csproj", "{26C94F42-40A5-47C8-BB86-0E242DE02DA1}"
EndProject
Project("{FAE04EC0-301F-11D3-BF4B-00C04F79EFBC}") = "FinalApp", "FinalApp\FinalApp.csproj", "{D70A45EA-C460-4305-830C-1BF89B6FE65C}"
EndProject
Global
	GlobalSection(SolutionConfigurationPlatforms) = preSolution
		Debug|Any CPU = Debug|Any CPU
		Release|Any CPU = Release|Any CPU
		Debug|iPhoneSimulator = Debug|iPhoneSimulator
		Release|iPhoneSimulator = Release|iPhoneSimulator
		Debug|iPhone = Debug|iPhone
		Release|iPhone = Release|iPhone
		Ad-Hoc|iPhone = Ad-Hoc|iPhone
		AppStore|iPhone = AppStore|iPhone
	EndGlobalSection
	GlobalSection(ProjectConfigurationPlatforms) = postSolution
		{82C1C041-4D3A-46F2-9190-99CBA31269A7}.Debug|Any CPU.ActiveCfg = Debug|Any CPU
		{82C1C041-4D3A-46F2-9190-99CBA31269A7}.Debug|Any CPU.Build.0 = Debug|Any CPU
		{82C1C041-4D3A-46F2-9190-99CBA31269A7}.Release|Any CPU.ActiveCfg = Release|Any CPU
		{82C1C041-4D3A-46F2-9190-99CBA31269A7}.Release|Any CPU.Build.0 = Release|Any CPU
		{82C1C041-4D3A-46F2-9190-99CBA31269A7}.Debug|iPhoneSimulator.ActiveCfg = Debug|Any CPU
		{82C1C041-4D3A-46F2-9190-99CBA31269A7}.Debug|iPhoneSimulator.Build.0 = Debug|Any CPU
		{82C1C041-4D3A-46F2-9190-99CBA31269A7}.Release|iPhoneSimulator.ActiveCfg = Release|Any CPU
		{82C1C041-4D3A-46F2-9190-99CBA31269A7}.Release|iPhoneSimulator.Build.0 = Release|Any CPU
		{82C1C041-4D3A-46F2-9190-99CBA31269A7}.Debug|iPhone.ActiveCfg = Debug|Any CPU
		{82C1C041-4D3A-46F2-9190-99CBA31269A7}.Debug|iPhone.Build.0 = Debug|Any CPU
		{82C1C041-4D3A-46F2-9190-99CBA31269A7}.Release|iPhone.ActiveCfg = Release|Any CPU
		{82C1C041-4D3A-46F2-9190-99CBA31269A7}.Release|iPhone.Build.0 = Release|Any CPU
		{82C1C041-4D3A-46F2-9190-99CBA31269A7}.Ad-Hoc|iPhone.ActiveCfg = Debug|Any CPU
		{82C1C041-4D3A-46F2-9190-99CBA31269A7}.Ad-Hoc|iPhone.Build.0 = Debug|Any CPU
		{82C1C041-4D3A-46F2-9190-99CBA31269A7}.AppStore|iPhone.ActiveCfg = Debug|Any CPU
		{82C1C041-4D3A-46F2-9190-99CBA31269A7}.AppStore|iPhone.Build.0 = Debug|Any CPU
		{26C94F42-40A5-47C8-BB86-0E242DE02DA1}.Debug|Any CPU.ActiveCfg = Debug|iPhoneSimulator
		{26C94F42-40A5-47C8-BB86-0E242DE02DA1}.Debug|Any CPU.Build.0 = Debug|iPhoneSimulator
		{26C94F42-40A5-47C8-BB86-0E242DE02DA1}.Release|Any CPU.ActiveCfg = Release|iPhoneSimulator
		{26C94F42-40A5-47C8-BB86-0E242DE02DA1}.Release|Any CPU.Build.0 = Release|iPhoneSimulator
		{26C94F42-40A5-47C8-BB86-0E242DE02DA1}.Debug|iPhoneSimulator.ActiveCfg = Debug|iPhoneSimulator
		{26C94F42-40A5-47C8-BB86-0E242DE02DA1}.Debug|iPhoneSimulator.Build.0 = Debug|iPhoneSimulator
		{26C94F42-40A5-47C8-BB86-0E242DE02DA1}.Release|iPhoneSimulator.ActiveCfg = Release|iPhoneSimulator
		{26C94F42-40A5-47C8-BB86-0E242DE02DA1}.Release|iPhoneSimulator.Build.0 = Release|iPhoneSimulator
		{26C94F42-40A5-47C8-BB86-0E242DE02DA1}.Debug|iPhone.ActiveCfg = Debug|iPhone
		{26C94F42-40A5-47C8-BB86-0E242DE02DA1}.Debug|iPhone.Build.0 = Debug|iPhone
		{26C94F42-40A5-47C8-BB86-0E242DE02DA1}.Release|iPhone.ActiveCfg = Release|iPhone
		{26C94F42-40A5-47C8-BB86-0E242DE02DA1}.Release|iPhone.Build.0 = Release|iPhone
		{26C94F42-40A5-47C8-BB86-0E242DE02DA1}.Ad-Hoc|iPhone.ActiveCfg = Ad-Hoc|iPhone
		{26C94F42-40A5-47C8-BB86-0E242DE02DA1}.Ad-Hoc|iPhone.Build.0 = Ad-Hoc|iPhone
		{26C94F42-40A5-47C8-BB86-0E242DE02DA1}.AppStore|iPhone.ActiveCfg = AppStore|iPhone
		{26C94F42-40A5-47C8-BB86-0E242DE02DA1}.AppStore|iPhone.Build.0 = AppStore|iPhone
		{D70A45EA-C460-4305-830C-1BF89B6FE65C}.Debug|Any CPU.ActiveCfg = Debug|Any CPU
		{D70A45EA-C460-4305-830C-1BF89B6FE65C}.Debug|Any CPU.Build.0 = Debug|Any CPU
		{D70A45EA-C460-4305-830C-1BF89B6FE65C}.Release|Any CPU.ActiveCfg = Release|Any CPU
		{D70A45EA-C460-4305-830C-1BF89B6FE65C}.Release|Any CPU.Build.0 = Release|Any CPU
		{D70A45EA-C460-4305-830C-1BF89B6FE65C}.Debug|iPhoneSimulator.ActiveCfg = Debug|Any CPU
		{D70A45EA-C460-4305-830C-1BF89B6FE65C}.Debug|iPhoneSimulator.Build.0 = Debug|Any CPU
		{D70A45EA-C460-4305-830C-1BF89B6FE65C}.Release|iPhoneSimulator.ActiveCfg = Release|Any CPU
		{D70A45EA-C460-4305-830C-1BF89B6FE65C}.Release|iPhoneSimulator.Build.0 = Release|Any CPU
		{D70A45EA-C460-4305-830C-1BF89B6FE65C}.Debug|iPhone.ActiveCfg = Debug|Any CPU
		{D70A45EA-C460-4305-830C-1BF89B6FE65C}.Debug|iPhone.Build.0 = Debug|Any CPU
		{D70A45EA-C460-4305-830C-1BF89B6FE65C}.Release|iPhone.ActiveCfg = Release|Any CPU
		{D70A45EA-C460-4305-830C-1BF89B6FE65C}.Release|iPhone.Build.0 = Release|Any CPU
		{D70A45EA-C460-4305-830C-1BF89B6FE65C}.Ad-Hoc|iPhone.ActiveCfg = Debug|Any CPU
		{D70A45EA-C460-4305-830C-1BF89B6FE65C}.Ad-Hoc|iPhone.Build.0 = Debug|Any CPU
		{D70A45EA-C460-4305-830C-1BF89B6FE65C}.AppStore|iPhone.ActiveCfg = Debug|Any CPU
		{D70A45EA-C460-4305-830C-1BF89B6FE65C}.AppStore|iPhone.Build.0 = Debug|Any CPU
	EndGlobalSection
EndGlobal
